// !$*UTF8*$!
{
	archiveVersion = 1;
	classes = {
	};
	objectVersion = 56;
	objects = {

/* Begin PBXBuildFile section */
		04DDABF02B9262E10020FBDD /* AppDelegate.swift in Sources */ = {isa = PBXBuildFile; fileRef = 04DDABEF2B9262E10020FBDD /* AppDelegate.swift */; };
		04DDABF22B9262E10020FBDD /* SceneDelegate.swift in Sources */ = {isa = PBXBuildFile; fileRef = 04DDABF12B9262E10020FBDD /* SceneDelegate.swift */; };
		04DDABF42B9262E10020FBDD /* ViewController.swift in Sources */ = {isa = PBXBuildFile; fileRef = 04DDABF32B9262E10020FBDD /* ViewController.swift */; };
		04DDABF72B9262E10020FBDD /* Main.storyboard in Resources */ = {isa = PBXBuildFile; fileRef = 04DDABF52B9262E10020FBDD /* Main.storyboard */; };
		04DDABF92B9262E30020FBDD /* Assets.xcassets in Resources */ = {isa = PBXBuildFile; fileRef = 04DDABF82B9262E30020FBDD /* Assets.xcassets */; };
		04DDABFC2B9262E30020FBDD /* LaunchScreen.storyboard in Resources */ = {isa = PBXBuildFile; fileRef = 04DDABFA2B9262E30020FBDD /* LaunchScreen.storyboard */; };
/* End PBXBuildFile section */

/* Begin PBXContainerItemProxy section */
		04DDAC032B9262E40020FBDD /* PBXContainerItemProxy */ = {
			isa = PBXContainerItemProxy;
			containerPortal = 04DDABE42B9262E10020FBDD /* Project object */;
			proxyType = 1;
			remoteGlobalIDString = 04DDABEB2B9262E10020FBDD;
			remoteInfo = BookAppTest;
		};
		04DDAC0D2B9262E40020FBDD /* PBXContainerItemProxy */ = {
			isa = PBXContainerItemProxy;
			containerPortal = 04DDABE42B9262E10020FBDD /* Project object */;
			proxyType = 1;
			remoteGlobalIDString = 04DDABEB2B9262E10020FBDD;
			remoteInfo = BookAppTest;
		};
/* End PBXContainerItemProxy section */

/* Begin PBXFileReference section */
		04DDABEC2B9262E10020FBDD /* BookAppTest.app */ = {isa = PBXFileReference; explicitFileType = wrapper.application; includeInIndex = 0; path = BookAppTest.app; sourceTree = BUILT_PRODUCTS_DIR; };
		04DDABEF2B9262E10020FBDD /* AppDelegate.swift */ = {isa = PBXFileReference; lastKnownFileType = sourcecode.swift; path = AppDelegate.swift; sourceTree = "<group>"; };
		04DDABF12B9262E10020FBDD /* SceneDelegate.swift */ = {isa = PBXFileReference; lastKnownFileType = sourcecode.swift; path = SceneDelegate.swift; sourceTree = "<group>"; };
		04DDABF32B9262E10020FBDD /* ViewController.swift */ = {isa = PBXFileReference; lastKnownFileType = sourcecode.swift; path = ViewController.swift; sourceTree = "<group>"; };
		04DDABF62B9262E10020FBDD /* Base */ = {isa = PBXFileReference; lastKnownFileType = file.storyboard; name = Base; path = Base.lproj/Main.storyboard; sourceTree = "<group>"; };
		04DDABF82B9262E30020FBDD /* Assets.xcassets */ = {isa = PBXFileReference; lastKnownFileType = folder.assetcatalog; path = Assets.xcassets; sourceTree = "<group>"; };
		04DDABFB2B9262E30020FBDD /* Base */ = {isa = PBXFileReference; lastKnownFileType = file.storyboard; name = Base; path = Base.lproj/LaunchScreen.storyboard; sourceTree = "<group>"; };
		04DDABFD2B9262E30020FBDD /* Info.plist */ = {isa = PBXFileReference; lastKnownFileType = text.plist.xml; path = Info.plist; sourceTree = "<group>"; };
		04DDAC022B9262E40020FBDD /* BookAppTestTests.xctest */ = {isa = PBXFileReference; explicitFileType = wrapper.cfbundle; includeInIndex = 0; path = BookAppTestTests.xctest; sourceTree = BUILT_PRODUCTS_DIR; };
		04DDAC0C2B9262E40020FBDD /* BookAppTestUITests.xctest */ = {isa = PBXFileReference; explicitFileType = wrapper.cfbundle; includeInIndex = 0; path = BookAppTestUITests.xctest; sourceTree = BUILT_PRODUCTS_DIR; };
/* End PBXFileReference section */

/* Begin PBXFrameworksBuildPhase section */
		04DDABE92B9262E10020FBDD /* Frameworks */ = {
			isa = PBXFrameworksBuildPhase;
			buildActionMask = 2147483647;
			files = (
			);
			runOnlyForDeploymentPostprocessing = 0;
		};
		04DDABFF2B9262E40020FBDD /* Frameworks */ = {
			isa = PBXFrameworksBuildPhase;
			buildActionMask = 2147483647;
			files = (
			);
			runOnlyForDeploymentPostprocessing = 0;
		};
		04DDAC092B9262E40020FBDD /* Frameworks */ = {
			isa = PBXFrameworksBuildPhase;
			buildActionMask = 2147483647;
			files = (
			);
			runOnlyForDeploymentPostprocessing = 0;
		};
/* End PBXFrameworksBuildPhase section */

/* Begin PBXGroup section */
		04DDABE32B9262E10020FBDD = {
			isa = PBXGroup;
			children = (
				04DDABEE2B9262E10020FBDD /* BookAppTest */,
				04DDABED2B9262E10020FBDD /* Products */,
			);
			sourceTree = "<group>";
		};
		04DDABED2B9262E10020FBDD /* Products */ = {
			isa = PBXGroup;
			children = (
				04DDABEC2B9262E10020FBDD /* BookAppTest.app */,
				04DDAC022B9262E40020FBDD /* BookAppTestTests.xctest */,
				04DDAC0C2B9262E40020FBDD /* BookAppTestUITests.xctest */,
			);
			name = Products;
			sourceTree = "<group>";
		};
		04DDABEE2B9262E10020FBDD /* BookAppTest */ = {
			isa = PBXGroup;
			children = (
				04DDABEF2B9262E10020FBDD /* AppDelegate.swift */,
				04DDABF12B9262E10020FBDD /* SceneDelegate.swift */,
				04DDABF32B9262E10020FBDD /* ViewController.swift */,
				04DDABF52B9262E10020FBDD /* Main.storyboard */,
				04DDABF82B9262E30020FBDD /* Assets.xcassets */,
				04DDABFA2B9262E30020FBDD /* LaunchScreen.storyboard */,
				04DDABFD2B9262E30020FBDD /* Info.plist */,
			);
			path = BookAppTest;
			sourceTree = "<group>";
		};
/* End PBXGroup section */

/* Begin PBXNativeTarget section */
		04DDABEB2B9262E10020FBDD /* BookAppTest */ = {
			isa = PBXNativeTarget;
			buildConfigurationList = 04DDAC162B9262E40020FBDD /* Build configuration list for PBXNativeTarget "BookAppTest" */;
			buildPhases = (
				04DDABE82B9262E10020FBDD /* Sources */,
				04DDABE92B9262E10020FBDD /* Frameworks */,
				04DDABEA2B9262E10020FBDD /* Resources */,
			);
			buildRules = (
			);
			dependencies = (
			);
			name = BookAppTest;
			productName = BookAppTest;
			productReference = 04DDABEC2B9262E10020FBDD /* BookAppTest.app */;
			productType = "com.apple.product-type.application";
		};
		04DDAC012B9262E40020FBDD /* BookAppTestTests */ = {
			isa = PBXNativeTarget;
			buildConfigurationList = 04DDAC192B9262E40020FBDD /* Build configuration list for PBXNativeTarget "BookAppTestTests" */;
			buildPhases = (
				04DDABFE2B9262E40020FBDD /* Sources */,
				04DDABFF2B9262E40020FBDD /* Frameworks */,
				04DDAC002B9262E40020FBDD /* Resources */,
			);
			buildRules = (
			);
			dependencies = (
				04DDAC042B9262E40020FBDD /* PBXTargetDependency */,
			);
			name = BookAppTestTests;
			productName = BookAppTestTests;
			productReference = 04DDAC022B9262E40020FBDD /* BookAppTestTests.xctest */;
			productType = "com.apple.product-type.bundle.unit-test";
		};
		04DDAC0B2B9262E40020FBDD /* BookAppTestUITests */ = {
			isa = PBXNativeTarget;
			buildConfigurationList = 04DDAC1C2B9262E40020FBDD /* Build configuration list for PBXNativeTarget "BookAppTestUITests" */;
			buildPhases = (
				04DDAC082B9262E40020FBDD /* Sources */,
				04DDAC092B9262E40020FBDD /* Frameworks */,
				04DDAC0A2B9262E40020FBDD /* Resources */,
			);
			buildRules = (
			);
			dependencies = (
				04DDAC0E2B9262E40020FBDD /* PBXTargetDependency */,
			);
			name = BookAppTestUITests;
			productName = BookAppTestUITests;
			productReference = 04DDAC0C2B9262E40020FBDD /* BookAppTestUITests.xctest */;
			productType = "com.apple.product-type.bundle.ui-testing";
		};
/* End PBXNativeTarget section */

/* Begin PBXProject section */
		04DDABE42B9262E10020FBDD /* Project object */ = {
			isa = PBXProject;
			attributes = {
				BuildIndependentTargetsInParallel = 1;
				LastSwiftUpdateCheck = 1420;
				LastUpgradeCheck = 1420;
				TargetAttributes = {
					04DDABEB2B9262E10020FBDD = {
						CreatedOnToolsVersion = 14.2;
					};
					04DDAC012B9262E40020FBDD = {
						CreatedOnToolsVersion = 14.2;
						TestTargetID = 04DDABEB2B9262E10020FBDD;
					};
					04DDAC0B2B9262E40020FBDD = {
						CreatedOnToolsVersion = 14.2;
						TestTargetID = 04DDABEB2B9262E10020FBDD;
					};
				};
			};
			buildConfigurationList = 04DDABE72B9262E10020FBDD /* Build configuration list for PBXProject "BookAppTest" */;
			compatibilityVersion = "Xcode 14.0";
			developmentRegion = en;
			hasScannedForEncodings = 0;
			knownRegions = (
				en,
				Base,
			);
			mainGroup = 04DDABE32B9262E10020FBDD;
			productRefGroup = 04DDABED2B9262E10020FBDD /* Products */;
			projectDirPath = "";
			projectRoot = "";
			targets = (
				04DDABEB2B9262E10020FBDD /* BookAppTest */,
				04DDAC012B9262E40020FBDD /* BookAppTestTests */,
				04DDAC0B2B9262E40020FBDD /* BookAppTestUITests */,
			);
		};
/* End PBXProject section */

/* Begin PBXResourcesBuildPhase section */
		04DDABEA2B9262E10020FBDD /* Resources */ = {
			isa = PBXResourcesBuildPhase;
			buildActionMask = 2147483647;
			files = (
				04DDABFC2B9262E30020FBDD /* LaunchScreen.storyboard in Resources */,
				04DDABF92B9262E30020FBDD /* Assets.xcassets in Resources */,
				04DDABF72B9262E10020FBDD /* Main.storyboard in Resources */,
			);
			runOnlyForDeploymentPostprocessing = 0;
		};
		04DDAC002B9262E40020FBDD /* Resources */ = {
			isa = PBXResourcesBuildPhase;
			buildActionMask = 2147483647;
			files = (
			);
			runOnlyForDeploymentPostprocessing = 0;
		};
		04DDAC0A2B9262E40020FBDD /* Resources */ = {
			isa = PBXResourcesBuildPhase;
			buildActionMask = 2147483647;
			files = (
			);
			runOnlyForDeploymentPostprocessing = 0;
		};
/* End PBXResourcesBuildPhase section */

/* Begin PBXSourcesBuildPhase section */
		04DDABE82B9262E10020FBDD /* Sources */ = {
			isa = PBXSourcesBuildPhase;
			buildActionMask = 2147483647;
			files = (
				04DDABF42B9262E10020FBDD /* ViewController.swift in Sources */,
				04DDABF02B9262E10020FBDD /* AppDelegate.swift in Sources */,
				04DDABF22B9262E10020FBDD /* SceneDelegate.swift in Sources */,
			);
			runOnlyForDeploymentPostprocessing = 0;
		};
		04DDABFE2B9262E40020FBDD /* Sources */ = {
			isa = PBXSourcesBuildPhase;
			buildActionMask = 2147483647;
			files = (
			);
			runOnlyForDeploymentPostprocessing = 0;
		};
		04DDAC082B9262E40020FBDD /* Sources */ = {
			isa = PBXSourcesBuildPhase;
			buildActionMask = 2147483647;
			files = (
			);
			runOnlyForDeploymentPostprocessing = 0;
		};
/* End PBXSourcesBuildPhase section */

/* Begin PBXTargetDependency section */
		04DDAC042B9262E40020FBDD /* PBXTargetDependency */ = {
			isa = PBXTargetDependency;
			target = 04DDABEB2B9262E10020FBDD /* BookAppTest */;
			targetProxy = 04DDAC032B9262E40020FBDD /* PBXContainerItemProxy */;
		};
		04DDAC0E2B9262E40020FBDD /* PBXTargetDependency */ = {
			isa = PBXTargetDependency;
			target = 04DDABEB2B9262E10020FBDD /* BookAppTest */;
			targetProxy = 04DDAC0D2B9262E40020FBDD /* PBXContainerItemProxy */;
		};
/* End PBXTargetDependency section */

/* Begin PBXVariantGroup section */
		04DDABF52B9262E10020FBDD /* Main.storyboard */ = {
			isa = PBXVariantGroup;
			children = (
				04DDABF62B9262E10020FBDD /* Base */,
			);
			name = Main.storyboard;
			sourceTree = "<group>";
		};
		04DDABFA2B9262E30020FBDD /* LaunchScreen.storyboard */ = {
			isa = PBXVariantGroup;
			children = (
				04DDABFB2B9262E30020FBDD /* Base */,
			);
			name = LaunchScreen.storyboard;
			sourceTree = "<group>";
		};
/* End PBXVariantGroup section */

/* Begin XCBuildConfiguration section */
		04DDAC142B9262E40020FBDD /* Debug */ = {
			isa = XCBuildConfiguration;
			buildSettings = {
				ALWAYS_SEARCH_USER_PATHS = NO;
				CLANG_ANALYZER_NONNULL = YES;
				CLANG_ANALYZER_NUMBER_OBJECT_CONVERSION = YES_AGGRESSIVE;
				CLANG_CXX_LANGUAGE_STANDARD = "gnu++20";
				CLANG_ENABLE_MODULES = YES;
				CLANG_ENABLE_OBJC_ARC = YES;
				CLANG_ENABLE_OBJC_WEAK = YES;
				CLANG_WARN_BLOCK_CAPTURE_AUTORELEASING = YES;
				CLANG_WARN_BOOL_CONVERSION = YES;
				CLANG_WARN_COMMA = YES;
				CLANG_WARN_CONSTANT_CONVERSION = YES;
				CLANG_WARN_DEPRECATED_OBJC_IMPLEMENTATIONS = YES;
				CLANG_WARN_DIRECT_OBJC_ISA_USAGE = YES_ERROR;
				CLANG_WARN_DOCUMENTATION_COMMENTS = YES;
				CLANG_WARN_EMPTY_BODY = YES;
				CLANG_WARN_ENUM_CONVERSION = YES;
				CLANG_WARN_INFINITE_RECURSION = YES;
				CLANG_WARN_INT_CONVERSION = YES;
				CLANG_WARN_NON_LITERAL_NULL_CONVERSION = YES;
				CLANG_WARN_OBJC_IMPLICIT_RETAIN_SELF = YES;
				CLANG_WARN_OBJC_LITERAL_CONVERSION = YES;
				CLANG_WARN_OBJC_ROOT_CLASS = YES_ERROR;
				CLANG_WARN_QUOTED_INCLUDE_IN_FRAMEWORK_HEADER = YES;
				CLANG_WARN_RANGE_LOOP_ANALYSIS = YES;
				CLANG_WARN_STRICT_PROTOTYPES = YES;
				CLANG_WARN_SUSPICIOUS_MOVE = YES;
				CLANG_WARN_UNGUARDED_AVAILABILITY = YES_AGGRESSIVE;
				CLANG_WARN_UNREACHABLE_CODE = YES;
				CLANG_WARN__DUPLICATE_METHOD_MATCH = YES;
				COPY_PHASE_STRIP = NO;
				DEBUG_INFORMATION_FORMAT = dwarf;
				ENABLE_STRICT_OBJC_MSGSEND = YES;
				ENABLE_TESTABILITY = YES;
				GCC_C_LANGUAGE_STANDARD = gnu11;
				GCC_DYNAMIC_NO_PIC = NO;
				GCC_NO_COMMON_BLOCKS = YES;
				GCC_OPTIMIZATION_LEVEL = 0;
				GCC_PREPROCESSOR_DEFINITIONS = (
					"DEBUG=1",
					"$(inherited)",
				);
				GCC_WARN_64_TO_32_BIT_CONVERSION = YES;
				GCC_WARN_ABOUT_RETURN_TYPE = YES_ERROR;
				GCC_WARN_UNDECLARED_SELECTOR = YES;
				GCC_WARN_UNINITIALIZED_AUTOS = YES_AGGRESSIVE;
				GCC_WARN_UNUSED_FUNCTION = YES;
				GCC_WARN_UNUSED_VARIABLE = YES;
				IPHONEOS_DEPLOYMENT_TARGET = 16.2;
				MTL_ENABLE_DEBUG_INFO = INCLUDE_SOURCE;
				MTL_FAST_MATH = YES;
				ONLY_ACTIVE_ARCH = YES;
				SDKROOT = iphoneos;
				SWIFT_ACTIVE_COMPILATION_CONDITIONS = DEBUG;
				SWIFT_OPTIMIZATION_LEVEL = "-Onone";
			};
			name = Debug;
		};
		04DDAC152B9262E40020FBDD /* Release */ = {
			isa = XCBuildConfiguration;
			buildSettings = {
				ALWAYS_SEARCH_USER_PATHS = NO;
				CLANG_ANALYZER_NONNULL = YES;
				CLANG_ANALYZER_NUMBER_OBJECT_CONVERSION = YES_AGGRESSIVE;
				CLANG_CXX_LANGUAGE_STANDARD = "gnu++20";
				CLANG_ENABLE_MODULES = YES;
				CLANG_ENABLE_OBJC_ARC = YES;
				CLANG_ENABLE_OBJC_WEAK = YES;
				CLANG_WARN_BLOCK_CAPTURE_AUTORELEASING = YES;
				CLANG_WARN_BOOL_CONVERSION = YES;
				CLANG_WARN_COMMA = YES;
				CLANG_WARN_CONSTANT_CONVERSION = YES;
				CLANG_WARN_DEPRECATED_OBJC_IMPLEMENTATIONS = YES;
				CLANG_WARN_DIRECT_OBJC_ISA_USAGE = YES_ERROR;
				CLANG_WARN_DOCUMENTATION_COMMENTS = YES;
				CLANG_WARN_EMPTY_BODY = YES;
				CLANG_WARN_ENUM_CONVERSION = YES;
				CLANG_WARN_INFINITE_RECURSION = YES;
				CLANG_WARN_INT_CONVERSION = YES;
				CLANG_WARN_NON_LITERAL_NULL_CONVERSION = YES;
				CLANG_WARN_OBJC_IMPLICIT_RETAIN_SELF = YES;
				CLANG_WARN_OBJC_LITERAL_CONVERSION = YES;
				CLANG_WARN_OBJC_ROOT_CLASS = YES_ERROR;
				CLANG_WARN_QUOTED_INCLUDE_IN_FRAMEWORK_HEADER = YES;
				CLANG_WARN_RANGE_LOOP_ANALYSIS = YES;
				CLANG_WARN_STRICT_PROTOTYPES = YES;
				CLANG_WARN_SUSPICIOUS_MOVE = YES;
				CLANG_WARN_UNGUARDED_AVAILABILITY = YES_AGGRESSIVE;
				CLANG_WARN_UNREACHABLE_CODE = YES;
				CLANG_WARN__DUPLICATE_METHOD_MATCH = YES;
				COPY_PHASE_STRIP = NO;
				DEBUG_INFORMATION_FORMAT = "dwarf-with-dsym";
				ENABLE_NS_ASSERTIONS = NO;
				ENABLE_STRICT_OBJC_MSGSEND = YES;
				GCC_C_LANGUAGE_STANDARD = gnu11;
				GCC_NO_COMMON_BLOCKS = YES;
				GCC_WARN_64_TO_32_BIT_CONVERSION = YES;
				GCC_WARN_ABOUT_RETURN_TYPE = YES_ERROR;
				GCC_WARN_UNDECLARED_SELECTOR = YES;
				GCC_WARN_UNINITIALIZED_AUTOS = YES_AGGRESSIVE;
				GCC_WARN_UNUSED_FUNCTION = YES;
				GCC_WARN_UNUSED_VARIABLE = YES;
				IPHONEOS_DEPLOYMENT_TARGET = 16.2;
				MTL_ENABLE_DEBUG_INFO = NO;
				MTL_FAST_MATH = YES;
				SDKROOT = iphoneos;
				SWIFT_COMPILATION_MODE = wholemodule;
				SWIFT_OPTIMIZATION_LEVEL = "-O";
				VALIDATE_PRODUCT = YES;
			};
			name = Release;
		};
		04DDAC172B9262E40020FBDD /* Debug */ = {
			isa = XCBuildConfiguration;
			buildSettings = {
				ASSETCATALOG_COMPILER_APPICON_NAME = AppIcon;
				ASSETCATALOG_COMPILER_GLOBAL_ACCENT_COLOR_NAME = AccentColor;
				CODE_SIGN_STYLE = Automatic;
				CURRENT_PROJECT_VERSION = 1;
				DEVELOPMENT_TEAM = 92B6LD9W7U;
				GENERATE_INFOPLIST_FILE = YES;
				INFOPLIST_FILE = BookAppTest/Info.plist;
				INFOPLIST_KEY_UIApplicationSupportsIndirectInputEvents = YES;
				INFOPLIST_KEY_UILaunchStoryboardName = LaunchScreen;
				INFOPLIST_KEY_UIMainStoryboardFile = Main;
				INFOPLIST_KEY_UISupportedInterfaceOrientations_iPad = "UIInterfaceOrientationPortrait UIInterfaceOrientationPortraitUpsideDown UIInterfaceOrientationLandscapeLeft UIInterfaceOrientationLandscapeRight";
				INFOPLIST_KEY_UISupportedInterfaceOrientations_iPhone = "UIInterfaceOrientationPortrait UIInterfaceOrientationLandscapeLeft UIInterfaceOrientationLandscapeRight";
				LD_RUNPATH_SEARCH_PATHS = (
					"$(inherited)",
					"@executable_path/Frameworks",
				);
				MARKETING_VERSION = 1.0;
				PRODUCT_BUNDLE_IDENTIFIER = DS.BookAppTest;
				PRODUCT_NAME = "$(TARGET_NAME)";
				SWIFT_EMIT_LOC_STRINGS = YES;
				SWIFT_VERSION = 5.0;
				TARGETED_DEVICE_FAMILY = "1,2";
			};
			name = Debug;
		};
		04DDAC182B9262E40020FBDD /* Release */ = {
			isa = XCBuildConfiguration;
			buildSettings = {
				ASSETCATALOG_COMPILER_APPICON_NAME = AppIcon;
				ASSETCATALOG_COMPILER_GLOBAL_ACCENT_COLOR_NAME = AccentColor;
				CODE_SIGN_STYLE = Automatic;
				CURRENT_PROJECT_VERSION = 1;
				DEVELOPMENT_TEAM = 92B6LD9W7U;
				GENERATE_INFOPLIST_FILE = YES;
				INFOPLIST_FILE = BookAppTest/Info.plist;
				INFOPLIST_KEY_UIApplicationSupportsIndirectInputEvents = YES;
				INFOPLIST_KEY_UILaunchStoryboardName = LaunchScreen;
				INFOPLIST_KEY_UIMainStoryboardFile = Main;
				INFOPLIST_KEY_UISupportedInterfaceOrientations_iPad = "UIInterfaceOrientationPortrait UIInterfaceOrientationPortraitUpsideDown UIInterfaceOrientationLandscapeLeft UIInterfaceOrientationLandscapeRight";
				INFOPLIST_KEY_UISupportedInterfaceOrientations_iPhone = "UIInterfaceOrientationPortrait UIInterfaceOrientationLandscapeLeft UIInterfaceOrientationLandscapeRight";
				LD_RUNPATH_SEARCH_PATHS = (
					"$(inherited)",
					"@executable_path/Frameworks",
				);
				MARKETING_VERSION = 1.0;
				PRODUCT_BUNDLE_IDENTIFIER = DS.BookAppTest;
				PRODUCT_NAME = "$(TARGET_NAME)";
				SWIFT_EMIT_LOC_STRINGS = YES;
				SWIFT_VERSION = 5.0;
				TARGETED_DEVICE_FAMILY = "1,2";
			};
			name = Release;
		};
		04DDAC1A2B9262E40020FBDD /* Debug */ = {
			isa = XCBuildConfiguration;
			buildSettings = {
				ALWAYS_EMBED_SWIFT_STANDARD_LIBRARIES = YES;
				BUNDLE_LOADER = "$(TEST_HOST)";
				CODE_SIGN_STYLE = Automatic;
				CURRENT_PROJECT_VERSION = 1;
				DEVELOPMENT_TEAM = 92B6LD9W7U;
				GENERATE_INFOPLIST_FILE = YES;
				IPHONEOS_DEPLOYMENT_TARGET = 16.2;
				MARKETING_VERSION = 1.0;
				PRODUCT_BUNDLE_IDENTIFIER = DS.BookAppTestTests;
				PRODUCT_NAME = "$(TARGET_NAME)";
				SWIFT_EMIT_LOC_STRINGS = NO;
				SWIFT_VERSION = 5.0;
				TARGETED_DEVICE_FAMILY = "1,2";
				TEST_HOST = "$(BUILT_PRODUCTS_DIR)/BookAppTest.app/$(BUNDLE_EXECUTABLE_FOLDER_PATH)/BookAppTest";
			};
			name = Debug;
		};
		04DDAC1B2B9262E40020FBDD /* Release */ = {
			isa = XCBuildConfiguration;
			buildSettings = {
				ALWAYS_EMBED_SWIFT_STANDARD_LIBRARIES = YES;
				BUNDLE_LOADER = "$(TEST_HOST)";
				CODE_SIGN_STYLE = Automatic;
				CURRENT_PROJECT_VERSION = 1;
				DEVELOPMENT_TEAM = 92B6LD9W7U;
				GENERATE_INFOPLIST_FILE = YES;
				IPHONEOS_DEPLOYMENT_TARGET = 16.2;
				MARKETING_VERSION = 1.0;
				PRODUCT_BUNDLE_IDENTIFIER = DS.BookAppTestTests;
				PRODUCT_NAME = "$(TARGET_NAME)";
				SWIFT_EMIT_LOC_STRINGS = NO;
				SWIFT_VERSION = 5.0;
				TARGETED_DEVICE_FAMILY = "1,2";
				TEST_HOST = "$(BUILT_PRODUCTS_DIR)/BookAppTest.app/$(BUNDLE_EXECUTABLE_FOLDER_PATH)/BookAppTest";
			};
			name = Release;
		};
		04DDAC1D2B9262E40020FBDD /* Debug */ = {
			isa = XCBuildConfiguration;
			buildSettings = {
				ALWAYS_EMBED_SWIFT_STANDARD_LIBRARIES = YES;
				CODE_SIGN_STYLE = Automatic;
				CURRENT_PROJECT_VERSION = 1;
				DEVELOPMENT_TEAM = 92B6LD9W7U;
				GENERATE_INFOPLIST_FILE = YES;
				MARKETING_VERSION = 1.0;
				PRODUCT_BUNDLE_IDENTIFIER = DS.BookAppTestUITests;
				PRODUCT_NAME = "$(TARGET_NAME)";
				SWIFT_EMIT_LOC_STRINGS = NO;
				SWIFT_VERSION = 5.0;
				TARGETED_DEVICE_FAMILY = "1,2";
				TEST_TARGET_NAME = BookAppTest;
			};
			name = Debug;
		};
		04DDAC1E2B9262E40020FBDD /* Release */ = {
			isa = XCBuildConfiguration;
			buildSettings = {
				ALWAYS_EMBED_SWIFT_STANDARD_LIBRARIES = YES;
				CODE_SIGN_STYLE = Automatic;
				CURRENT_PROJECT_VERSION = 1;
				DEVELOPMENT_TEAM = 92B6LD9W7U;
				GENERATE_INFOPLIST_FILE = YES;
				MARKETING_VERSION = 1.0;
				PRODUCT_BUNDLE_IDENTIFIER = DS.BookAppTestUITests;
				PRODUCT_NAME = "$(TARGET_NAME)";
				SWIFT_EMIT_LOC_STRINGS = NO;
				SWIFT_VERSION = 5.0;
				TARGETED_DEVICE_FAMILY = "1,2";
				TEST_TARGET_NAME = BookAppTest;
			};
			name = Release;
		};
/* End XCBuildConfiguration section */

/* Begin XCConfigurationList section */
		04DDABE72B9262E10020FBDD /* Build configuration list for PBXProject "BookAppTest" */ = {
			isa = XCConfigurationList;
			buildConfigurations = (
				04DDAC142B9262E40020FBDD /* Debug */,
				04DDAC152B9262E40020FBDD /* Release */,
			);
			defaultConfigurationIsVisible = 0;
			defaultConfigurationName = Release;
		};
		04DDAC162B9262E40020FBDD /* Build configuration list for PBXNativeTarget "BookAppTest" */ = {
			isa = XCConfigurationList;
			buildConfigurations = (
				04DDAC172B9262E40020FBDD /* Debug */,
				04DDAC182B9262E40020FBDD /* Release */,
			);
			defaultConfigurationIsVisible = 0;
			defaultConfigurationName = Release;
		};
		04DDAC192B9262E40020FBDD /* Build configuration list for PBXNativeTarget "BookAppTestTests" */ = {
			isa = XCConfigurationList;
			buildConfigurations = (
				04DDAC1A2B9262E40020FBDD /* Debug */,
				04DDAC1B2B9262E40020FBDD /* Release */,
			);
			defaultConfigurationIsVisible = 0;
			defaultConfigurationName = Release;
		};
		04DDAC1C2B9262E40020FBDD /* Build configuration list for PBXNativeTarget "BookAppTestUITests" */ = {
			isa = XCConfigurationList;
			buildConfigurations = (
				04DDAC1D2B9262E40020FBDD /* Debug */,
				04DDAC1E2B9262E40020FBDD /* Release */,
			);
			defaultConfigurationIsVisible = 0;
			defaultConfigurationName = Release;
		};
/* End XCConfigurationList section */
	};
	rootObject = 04DDABE42B9262E10020FBDD /* Project object */;
}
